// !$*UTF8*$!
{
	archiveVersion = 1;
	classes = {
	};
	objectVersion = 48;
	objects = {

/* Begin PBXBuildFile section */
		7022CBEA205FFAA5008EAA84 /* image6.jpg in Resources */ = {isa = PBXBuildFile; fileRef = 7022CBE9205FFAA5008EAA84 /* image6.jpg */; };
		70E4F71E205CB74D00078427 /* AppDelegate.swift in Sources */ = {isa = PBXBuildFile; fileRef = 70E4F71D205CB74D00078427 /* AppDelegate.swift */; };
		70E4F720205CB74D00078427 /* ViewController.swift in Sources */ = {isa = PBXBuildFile; fileRef = 70E4F71F205CB74D00078427 /* ViewController.swift */; };
		70E4F723205CB74D00078427 /* Main.storyboard in Resources */ = {isa = PBXBuildFile; fileRef = 70E4F721205CB74D00078427 /* Main.storyboard */; };
		70E4F725205CB74D00078427 /* Assets.xcassets in Resources */ = {isa = PBXBuildFile; fileRef = 70E4F724205CB74D00078427 /* Assets.xcassets */; };
		70E4F728205CB74D00078427 /* LaunchScreen.storyboard in Resources */ = {isa = PBXBuildFile; fileRef = 70E4F726205CB74D00078427 /* LaunchScreen.storyboard */; };
		70E4F734205CC40E00078427 /* image5.jpg in Resources */ = {isa = PBXBuildFile; fileRef = 70E4F733205CC40E00078427 /* image5.jpg */; };
		70E4F73A205CC45300078427 /* image1.jpg in Resources */ = {isa = PBXBuildFile; fileRef = 70E4F739205CC45300078427 /* image1.jpg */; };
		70F3EA372074E3EE0066FF59 /* slideViewController.swift in Sources */ = {isa = PBXBuildFile; fileRef = 70F3EA362074E3EE0066FF59 /* slideViewController.swift */; };
/* End PBXBuildFile section */

/* Begin PBXFileReference section */
		7022CBE9205FFAA5008EAA84 /* image6.jpg */ = {isa = PBXFileReference; lastKnownFileType = image.jpeg; path = image6.jpg; sourceTree = "<group>"; };
		70E4F71A205CB74D00078427 /* SlideShow.app */ = {isa = PBXFileReference; explicitFileType = wrapper.application; includeInIndex = 0; path = SlideShow.app; sourceTree = BUILT_PRODUCTS_DIR; };
		70E4F71D205CB74D00078427 /* AppDelegate.swift */ = {isa = PBXFileReference; lastKnownFileType = sourcecode.swift; path = AppDelegate.swift; sourceTree = "<group>"; };
		70E4F71F205CB74D00078427 /* ViewController.swift */ = {isa = PBXFileReference; lastKnownFileType = sourcecode.swift; path = ViewController.swift; sourceTree = "<group>"; };
		70E4F722205CB74D00078427 /* Base */ = {isa = PBXFileReference; lastKnownFileType = file.storyboard; name = Base; path = Base.lproj/Main.storyboard; sourceTree = "<group>"; };
		70E4F724205CB74D00078427 /* Assets.xcassets */ = {isa = PBXFileReference; lastKnownFileType = folder.assetcatalog; path = Assets.xcassets; sourceTree = "<group>"; };
		70E4F727205CB74D00078427 /* Base */ = {isa = PBXFileReference; lastKnownFileType = file.storyboard; name = Base; path = Base.lproj/LaunchScreen.storyboard; sourceTree = "<group>"; };
		70E4F729205CB74D00078427 /* Info.plist */ = {isa = PBXFileReference; lastKnownFileType = text.plist.xml; path = Info.plist; sourceTree = "<group>"; };
		70E4F733205CC40E00078427 /* image5.jpg */ = {isa = PBXFileReference; lastKnownFileType = image.jpeg; path = image5.jpg; sourceTree = "<group>"; };
		70E4F739205CC45300078427 /* image1.jpg */ = {isa = PBXFileReference; lastKnownFileType = image.jpeg; path = image1.jpg; sourceTree = "<group>"; };
		70F3EA362074E3EE0066FF59 /* slideViewController.swift */ = {isa = PBXFileReference; lastKnownFileType = sourcecode.swift; path = slideViewController.swift; sourceTree = "<group>"; };
/* End PBXFileReference section */

/* Begin PBXFrameworksBuildPhase section */
		70E4F717205CB74D00078427 /* Frameworks */ = {
			isa = PBXFrameworksBuildPhase;
			buildActionMask = 2147483647;
			files = (
			);
			runOnlyForDeploymentPostprocessing = 0;
		};
/* End PBXFrameworksBuildPhase section */

/* Begin PBXGroup section */
		70E4F711205CB74D00078427 = {
			isa = PBXGroup;
			children = (
				70E4F71C205CB74D00078427 /* SlideShow */,
				70E4F71B205CB74D00078427 /* Products */,
			);
			sourceTree = "<group>";
		};
		70E4F71B205CB74D00078427 /* Products */ = {
			isa = PBXGroup;
			children = (
				70E4F71A205CB74D00078427 /* SlideShow.app */,
			);
			name = Products;
			sourceTree = "<group>";
		};
		70E4F71C205CB74D00078427 /* SlideShow */ = {
			isa = PBXGroup;
			children = (
				70E4F732205CC3E700078427 /* images */,
				70E4F71D205CB74D00078427 /* AppDelegate.swift */,
				70E4F71F205CB74D00078427 /* ViewController.swift */,
				70E4F721205CB74D00078427 /* Main.storyboard */,
				70E4F724205CB74D00078427 /* Assets.xcassets */,
				70E4F726205CB74D00078427 /* LaunchScreen.storyboard */,
				70E4F729205CB74D00078427 /* Info.plist */,
				70F3EA362074E3EE0066FF59 /* slideViewController.swift */,
			);
			path = SlideShow;
			sourceTree = "<group>";
		};
		70E4F732205CC3E700078427 /* images */ = {
			isa = PBXGroup;
			children = (
				70E4F739205CC45300078427 /* image1.jpg */,
				7022CBE9205FFAA5008EAA84 /* image6.jpg */,
				70E4F733205CC40E00078427 /* image5.jpg */,
			);
			path = images;
			sourceTree = "<group>";
		};
/* End PBXGroup section */

/* Begin PBXNativeTarget section */
		70E4F719205CB74D00078427 /* SlideShow */ = {
			isa = PBXNativeTarget;
			buildConfigurationList = 70E4F72C205CB74D00078427 /* Build configuration list for PBXNativeTarget "SlideShow" */;
			buildPhases = (
				70E4F716205CB74D00078427 /* Sources */,
				70E4F717205CB74D00078427 /* Frameworks */,
				70E4F718205CB74D00078427 /* Resources */,
			);
			buildRules = (
			);
			dependencies = (
			);
			name = SlideShow;
			productName = SlideShow;
			productReference = 70E4F71A205CB74D00078427 /* SlideShow.app */;
			productType = "com.apple.product-type.application";
		};
/* End PBXNativeTarget section */

/* Begin PBXProject section */
		70E4F712205CB74D00078427 /* Project object */ = {
			isa = PBXProject;
			attributes = {
				LastSwiftUpdateCheck = 0920;
				LastUpgradeCheck = 0920;
				ORGANIZATIONNAME = HayakawaYusuke;
				TargetAttributes = {
					70E4F719205CB74D00078427 = {
						CreatedOnToolsVersion = 9.2;
						ProvisioningStyle = Automatic;
					};
				};
			};
			buildConfigurationList = 70E4F715205CB74D00078427 /* Build configuration list for PBXProject "SlideShow" */;
			compatibilityVersion = "Xcode 8.0";
			developmentRegion = en;
			hasScannedForEncodings = 0;
			knownRegions = (
				en,
				Base,
			);
			mainGroup = 70E4F711205CB74D00078427;
			productRefGroup = 70E4F71B205CB74D00078427 /* Products */;
			projectDirPath = "";
			projectRoot = "";
			targets = (
				70E4F719205CB74D00078427 /* SlideShow */,
			);
		};
/* End PBXProject section */

/* Begin PBXResourcesBuildPhase section */
		70E4F718205CB74D00078427 /* Resources */ = {
			isa = PBXResourcesBuildPhase;
			buildActionMask = 2147483647;
			files = (
				70E4F728205CB74D00078427 /* LaunchScreen.storyboard in Resources */,
				70E4F73A205CC45300078427 /* image1.jpg in Resources */,
				70E4F725205CB74D00078427 /* Assets.xcassets in Resources */,
				70E4F723205CB74D00078427 /* Main.storyboard in Resources */,
				70E4F734205CC40E00078427 /* image5.jpg in Resources */,
				7022CBEA205FFAA5008EAA84 /* image6.jpg in Resources */,
			);
			runOnlyForDeploymentPostprocessing = 0;
		};
/* End PBXResourcesBuildPhase section */

/* Begin PBXSourcesBuildPhase section */
		70E4F716205CB74D00078427 /* Sources */ = {
			isa = PBXSourcesBuildPhase;
			buildActionMask = 2147483647;
			files = (
				70E4F720205CB74D00078427 /* ViewController.swift in Sources */,
				70F3EA372074E3EE0066FF59 /* slideViewController.swift in Sources */,
				70E4F71E205CB74D00078427 /* AppDelegate.swift in Sources */,
			);
			runOnlyForDeploymentPostprocessing = 0;
		};
/* End PBXSourcesBuildPhase section */

/* Begin PBXVariantGroup section */
		70E4F721205CB74D00078427 /* Main.storyboard */ = {
			isa = PBXVariantGroup;
			children = (
				70E4F722205CB74D00078427 /* Base */,
			);
			name = Main.storyboard;
			sourceTree = "<group>";
		};
		70E4F726205CB74D00078427 /* LaunchScreen.storyboard */ = {
			isa = PBXVariantGroup;
			children = (
				70E4F727205CB74D00078427 /* Base */,
			);
			name = LaunchScreen.storyboard;
			sourceTree = "<group>";
		};
/* End PBXVariantGroup section */

/* Begin XCBuildConfiguration section */
		70E4F72A205CB74D00078427 /* Debug */ = {
			isa = XCBuildConfiguration;
			buildSettings = {
				ALWAYS_SEARCH_USER_PATHS = NO;
				CLANG_ANALYZER_NONNULL = YES;
				CLANG_ANALYZER_NUMBER_OBJECT_CONVERSION = YES_AGGRESSIVE;
				CLANG_CXX_LANGUAGE_STANDARD = "gnu++14";
				CLANG_CXX_LIBRARY = "libc++";
				CLANG_ENABLE_MODULES = YES;
				CLANG_ENABLE_OBJC_ARC = YES;
				CLANG_WARN_BLOCK_CAPTURE_AUTORELEASING = YES;
				CLANG_WARN_BOOL_CONVERSION = YES;
				CLANG_WARN_COMMA = YES;
				CLANG_WARN_CONSTANT_CONVERSION = YES;
				CLANG_WARN_DIRECT_OBJC_ISA_USAGE = YES_ERROR;
				CLANG_WARN_DOCUMENTATION_COMMENTS = YES;
				CLANG_WARN_EMPTY_BODY = YES;
				CLANG_WARN_ENUM_CONVERSION = YES;
				CLANG_WARN_INFINITE_RECURSION = YES;
				CLANG_WARN_INT_CONVERSION = YES;
				CLANG_WARN_NON_LITERAL_NULL_CONVERSION = YES;
				CLANG_WARN_OBJC_LITERAL_CONVERSION = YES;
				CLANG_WARN_OBJC_ROOT_CLASS = YES_ERROR;
				CLANG_WARN_RANGE_LOOP_ANALYSIS = YES;
				CLANG_WARN_STRICT_PROTOTYPES = YES;
				CLANG_WARN_SUSPICIOUS_MOVE = YES;
				CLANG_WARN_UNGUARDED_AVAILABILITY = YES_AGGRESSIVE;
				CLANG_WARN_UNREACHABLE_CODE = YES;
				CLANG_WARN__DUPLICATE_METHOD_MATCH = YES;
				CODE_SIGN_IDENTITY = "iPhone Developer";
				COPY_PHASE_STRIP = NO;
				DEBUG_INFORMATION_FORMAT = dwarf;
				ENABLE_STRICT_OBJC_MSGSEND = YES;
				ENABLE_TESTABILITY = YES;
				GCC_C_LANGUAGE_STANDARD = gnu11;
				GCC_DYNAMIC_NO_PIC = NO;
				GCC_NO_COMMON_BLOCKS = YES;
				GCC_OPTIMIZATION_LEVEL = 0;
				GCC_PREPROCESSOR_DEFINITIONS = (
					"DEBUG=1",
					"$(inherited)",
				);
				GCC_WARN_64_TO_32_BIT_CONVERSION = YES;
				GCC_WARN_ABOUT_RETURN_TYPE = YES_ERROR;
				GCC_WARN_UNDECLARED_SELECTOR = YES;
				GCC_WARN_UNINITIALIZED_AUTOS = YES_AGGRESSIVE;
				GCC_WARN_UNUSED_FUNCTION = YES;
				GCC_WARN_UNUSED_VARIABLE = YES;
				IPHONEOS_DEPLOYMENT_TARGET = 11.2;
				MTL_ENABLE_DEBUG_INFO = YES;
				ONLY_ACTIVE_ARCH = YES;
				SDKROOT = iphoneos;
				SWIFT_ACTIVE_COMPILATION_CONDITIONS = DEBUG;
				SWIFT_OPTIMIZATION_LEVEL = "-Onone";
			};
			name = Debug;
		};
		70E4F72B205CB74D00078427 /* Release */ = {
			isa = XCBuildConfiguration;
			buildSettings = {
				ALWAYS_SEARCH_USER_PATHS = NO;
				CLANG_ANALYZER_NONNULL = YES;
				CLANG_ANALYZER_NUMBER_OBJECT_CONVERSION = YES_AGGRESSIVE;
				CLANG_CXX_LANGUAGE_STANDARD = "gnu++14";
				CLANG_CXX_LIBRARY = "libc++";
				CLANG_ENABLE_MODULES = YES;
				CLANG_ENABLE_OBJC_ARC = YES;
				CLANG_WARN_BLOCK_CAPTURE_AUTORELEASING = YES;
				CLANG_WARN_BOOL_CONVERSION = YES;
				CLANG_WARN_COMMA = YES;
				CLANG_WARN_CONSTANT_CONVERSION = YES;
				CLANG_WARN_DIRECT_OBJC_ISA_USAGE = YES_ERROR;
				CLANG_WARN_DOCUMENTATION_COMMENTS = YES;
				CLANG_WARN_EMPTY_BODY = YES;
				CLANG_WARN_ENUM_CONVERSION = YES;
				CLANG_WARN_INFINITE_RECURSION = YES;
				CLANG_WARN_INT_CONVERSION = YES;
				CLANG_WARN_NON_LITERAL_NULL_CONVERSION = YES;
				CLANG_WARN_OBJC_LITERAL_CONVERSION = YES;
				CLANG_WARN_OBJC_ROOT_CLASS = YES_ERROR;
				CLANG_WARN_RANGE_LOOP_ANALYSIS = YES;
				CLANG_WARN_STRICT_PROTOTYPES = YES;
				CLANG_WARN_SUSPICIOUS_MOVE = YES;
				CLANG_WARN_UNGUARDED_AVAILABILITY = YES_AGGRESSIVE;
				CLANG_WARN_UNREACHABLE_CODE = YES;
				CLANG_WARN__DUPLICATE_METHOD_MATCH = YES;
				CODE_SIGN_IDENTITY = "iPhone Developer";
				COPY_PHASE_STRIP = NO;
				DEBUG_INFORMATION_FORMAT = "dwarf-with-dsym";
				ENABLE_NS_ASSERTIONS = NO;
				ENABLE_STRICT_OBJC_MSGSEND = YES;
				GCC_C_LANGUAGE_STANDARD = gnu11;
				GCC_NO_COMMON_BLOCKS = YES;
				GCC_WARN_64_TO_32_BIT_CONVERSION = YES;
				GCC_WARN_ABOUT_RETURN_TYPE = YES_ERROR;
				GCC_WARN_UNDECLARED_SELECTOR = YES;
				GCC_WARN_UNINITIALIZED_AUTOS = YES_AGGRESSIVE;
				GCC_WARN_UNUSED_FUNCTION = YES;
				GCC_WARN_UNUSED_VARIABLE = YES;
				IPHONEOS_DEPLOYMENT_TARGET = 11.2;
				MTL_ENABLE_DEBUG_INFO = NO;
				SDKROOT = iphoneos;
				SWIFT_OPTIMIZATION_LEVEL = "-Owholemodule";
				VALIDATE_PRODUCT = YES;
			};
			name = Release;
		};
		70E4F72D205CB74D00078427 /* Debug */ = {
			isa = XCBuildConfiguration;
			buildSettings = {
				ASSETCATALOG_COMPILER_APPICON_NAME = AppIcon;
				CODE_SIGN_STYLE = Automatic;
				DEVELOPMENT_TEAM = BY4ZFMD2YP;
				INFOPLIST_FILE = SlideShow/Info.plist;
				LD_RUNPATH_SEARCH_PATHS = "$(inherited) @executable_path/Frameworks";
				PRODUCT_BUNDLE_IDENTIFIER = jp.hayakawa.yusuke.SlideShow;
				PRODUCT_NAME = "$(TARGET_NAME)";
				SWIFT_VERSION = 4.0;
				TARGETED_DEVICE_FAMILY = "1,2";
			};
			name = Debug;
		};
		70E4F72E205CB74D00078427 /* Release */ = {
			isa = XCBuildConfiguration;
			buildSettings = {
				ASSETCATALOG_COMPILER_APPICON_NAME = AppIcon;
				CODE_SIGN_STYLE = Automatic;
				DEVELOPMENT_TEAM = BY4ZFMD2YP;
				INFOPLIST_FILE = SlideShow/Info.plist;
				LD_RUNPATH_SEARCH_PATHS = "$(inherited) @executable_path/Frameworks";
				PRODUCT_BUNDLE_IDENTIFIER = jp.hayakawa.yusuke.SlideShow;
				PRODUCT_NAME = "$(TARGET_NAME)";
				SWIFT_VERSION = 4.0;
				TARGETED_DEVICE_FAMILY = "1,2";
			};
			name = Release;
		};
/* End XCBuildConfiguration section */

/* Begin XCConfigurationList section */
		70E4F715205CB74D00078427 /* Build configuration list for PBXProject "SlideShow" */ = {
			isa = XCConfigurationList;
			buildConfigurations = (
				70E4F72A205CB74D00078427 /* Debug */,
				70E4F72B205CB74D00078427 /* Release */,
			);
			defaultConfigurationIsVisible = 0;
			defaultConfigurationName = Release;
		};
		70E4F72C205CB74D00078427 /* Build configuration list for PBXNativeTarget "SlideShow" */ = {
			isa = XCConfigurationList;
			buildConfigurations = (
				70E4F72D205CB74D00078427 /* Debug */,
				70E4F72E205CB74D00078427 /* Release */,
			);
			defaultConfigurationIsVisible = 0;
			defaultConfigurationName = Release;
		};
/* End XCConfigurationList section */
	};
	rootObject = 70E4F712205CB74D00078427 /* Project object */;
}
